// !$*UTF8*$!
{
	archiveVersion = 1;
	classes = {
	};
	objectVersion = 55;
	objects = {

/* Begin PBXBuildFile section */
		86B66A876BD7881700E4213B /* Pods_LoginDemo.framework in Frameworks */ = {isa = PBXBuildFile; fileRef = 7790BAEBB07EA9540E070CB3 /* Pods_LoginDemo.framework */; };
		F1D6B0E827ED9D3700F2396C /* AppDelegate.swift in Sources */ = {isa = PBXBuildFile; fileRef = F1D6B0E727ED9D3700F2396C /* AppDelegate.swift */; };
		F1D6B0EA27ED9D3700F2396C /* SceneDelegate.swift in Sources */ = {isa = PBXBuildFile; fileRef = F1D6B0E927ED9D3700F2396C /* SceneDelegate.swift */; };
		F1D6B0EC27ED9D3700F2396C /* ViewController.swift in Sources */ = {isa = PBXBuildFile; fileRef = F1D6B0EB27ED9D3700F2396C /* ViewController.swift */; };
		F1D6B0EF27ED9D3700F2396C /* Main.storyboard in Resources */ = {isa = PBXBuildFile; fileRef = F1D6B0ED27ED9D3700F2396C /* Main.storyboard */; };
		F1D6B0F127ED9D3A00F2396C /* Assets.xcassets in Resources */ = {isa = PBXBuildFile; fileRef = F1D6B0F027ED9D3A00F2396C /* Assets.xcassets */; };
		F1D6B0F427ED9D3A00F2396C /* LaunchScreen.storyboard in Resources */ = {isa = PBXBuildFile; fileRef = F1D6B0F227ED9D3A00F2396C /* LaunchScreen.storyboard */; };
		F1D6B0FC27EDA53100F2396C /* String.swift in Sources */ = {isa = PBXBuildFile; fileRef = F1D6B0FB27EDA53100F2396C /* String.swift */; };
		F1D6B0FE27EDA61F00F2396C /* AlertController.swift in Sources */ = {isa = PBXBuildFile; fileRef = F1D6B0FD27EDA61E00F2396C /* AlertController.swift */; };
		F1D6B10027EDA93F00F2396C /* SinUpVC.swift in Sources */ = {isa = PBXBuildFile; fileRef = F1D6B0FF27EDA93F00F2396C /* SinUpVC.swift */; };
		F1D6B10227EDA97500F2396C /* HomeVC.swift in Sources */ = {isa = PBXBuildFile; fileRef = F1D6B10127EDA97500F2396C /* HomeVC.swift */; };
		F1D6B10B27EDAC8800F2396C /* APIManager.swift in Sources */ = {isa = PBXBuildFile; fileRef = F1D6B10A27EDAC8800F2396C /* APIManager.swift */; };
/* End PBXBuildFile section */

/* Begin PBXFileReference section */
		317263F5FF7A9DB3DCB6CB9C /* Pods-LoginDemo.release.xcconfig */ = {isa = PBXFileReference; includeInIndex = 1; lastKnownFileType = text.xcconfig; name = "Pods-LoginDemo.release.xcconfig"; path = "Target Support Files/Pods-LoginDemo/Pods-LoginDemo.release.xcconfig"; sourceTree = "<group>"; };
		7790BAEBB07EA9540E070CB3 /* Pods_LoginDemo.framework */ = {isa = PBXFileReference; explicitFileType = wrapper.framework; includeInIndex = 0; path = Pods_LoginDemo.framework; sourceTree = BUILT_PRODUCTS_DIR; };
		8948E853C9EA2AB229962792 /* Pods-LoginDemo.debug.xcconfig */ = {isa = PBXFileReference; includeInIndex = 1; lastKnownFileType = text.xcconfig; name = "Pods-LoginDemo.debug.xcconfig"; path = "Target Support Files/Pods-LoginDemo/Pods-LoginDemo.debug.xcconfig"; sourceTree = "<group>"; };
		F1D6B0E427ED9D3700F2396C /* LoginDemo.app */ = {isa = PBXFileReference; explicitFileType = wrapper.application; includeInIndex = 0; path = LoginDemo.app; sourceTree = BUILT_PRODUCTS_DIR; };
		F1D6B0E727ED9D3700F2396C /* AppDelegate.swift */ = {isa = PBXFileReference; lastKnownFileType = sourcecode.swift; path = AppDelegate.swift; sourceTree = "<group>"; };
		F1D6B0E927ED9D3700F2396C /* SceneDelegate.swift */ = {isa = PBXFileReference; lastKnownFileType = sourcecode.swift; path = SceneDelegate.swift; sourceTree = "<group>"; };
		F1D6B0EB27ED9D3700F2396C /* ViewController.swift */ = {isa = PBXFileReference; lastKnownFileType = sourcecode.swift; path = ViewController.swift; sourceTree = "<group>"; };
		F1D6B0EE27ED9D3700F2396C /* Base */ = {isa = PBXFileReference; lastKnownFileType = file.storyboard; name = Base; path = Base.lproj/Main.storyboard; sourceTree = "<group>"; };
		F1D6B0F027ED9D3A00F2396C /* Assets.xcassets */ = {isa = PBXFileReference; lastKnownFileType = folder.assetcatalog; path = Assets.xcassets; sourceTree = "<group>"; };
		F1D6B0F327ED9D3A00F2396C /* Base */ = {isa = PBXFileReference; lastKnownFileType = file.storyboard; name = Base; path = Base.lproj/LaunchScreen.storyboard; sourceTree = "<group>"; };
		F1D6B0F527ED9D3A00F2396C /* Info.plist */ = {isa = PBXFileReference; lastKnownFileType = text.plist.xml; path = Info.plist; sourceTree = "<group>"; };
		F1D6B0FB27EDA53100F2396C /* String.swift */ = {isa = PBXFileReference; lastKnownFileType = sourcecode.swift; path = String.swift; sourceTree = "<group>"; };
		F1D6B0FD27EDA61E00F2396C /* AlertController.swift */ = {isa = PBXFileReference; lastKnownFileType = sourcecode.swift; path = AlertController.swift; sourceTree = "<group>"; };
		F1D6B0FF27EDA93F00F2396C /* SinUpVC.swift */ = {isa = PBXFileReference; lastKnownFileType = sourcecode.swift; path = SinUpVC.swift; sourceTree = "<group>"; };
		F1D6B10127EDA97500F2396C /* HomeVC.swift */ = {isa = PBXFileReference; lastKnownFileType = sourcecode.swift; path = HomeVC.swift; sourceTree = "<group>"; };
		F1D6B10A27EDAC8800F2396C /* APIManager.swift */ = {isa = PBXFileReference; lastKnownFileType = sourcecode.swift; path = APIManager.swift; sourceTree = "<group>"; };
/* End PBXFileReference section */

/* Begin PBXFrameworksBuildPhase section */
		F1D6B0E127ED9D3700F2396C /* Frameworks */ = {
			isa = PBXFrameworksBuildPhase;
			buildActionMask = 2147483647;
			files = (
				86B66A876BD7881700E4213B /* Pods_LoginDemo.framework in Frameworks */,
			);
			runOnlyForDeploymentPostprocessing = 0;
		};
/* End PBXFrameworksBuildPhase section */

/* Begin PBXGroup section */
		2DC87473BCD56DEDC6B16F72 /* Pods */ = {
			isa = PBXGroup;
			children = (
				8948E853C9EA2AB229962792 /* Pods-LoginDemo.debug.xcconfig */,
				317263F5FF7A9DB3DCB6CB9C /* Pods-LoginDemo.release.xcconfig */,
			);
			path = Pods;
			sourceTree = "<group>";
		};
		7026C3CED718E3C97BF8016B /* Frameworks */ = {
			isa = PBXGroup;
			children = (
				7790BAEBB07EA9540E070CB3 /* Pods_LoginDemo.framework */,
			);
			name = Frameworks;
			sourceTree = "<group>";
		};
		F1D6B0DB27ED9D3700F2396C = {
			isa = PBXGroup;
			children = (
				F1D6B0E627ED9D3700F2396C /* LoginDemo */,
				F1D6B0E527ED9D3700F2396C /* Products */,
				2DC87473BCD56DEDC6B16F72 /* Pods */,
				7026C3CED718E3C97BF8016B /* Frameworks */,
			);
			sourceTree = "<group>";
		};
		F1D6B0E527ED9D3700F2396C /* Products */ = {
			isa = PBXGroup;
			children = (
				F1D6B0E427ED9D3700F2396C /* LoginDemo.app */,
			);
			name = Products;
			sourceTree = "<group>";
		};
		F1D6B0E627ED9D3700F2396C /* LoginDemo */ = {
			isa = PBXGroup;
			children = (
				F1D6B10727EDAC2400F2396C /* APIs */,
				F1D6B10627EDABF800F2396C /* Scene and Delegate */,
				F1D6B10527EDABDB00F2396C /* Home Screen */,
				F1D6B10427EDABA900F2396C /* Login and Sign_up */,
				F1D6B10327EDAB7800F2396C /* Extension */,
				F1D6B0F027ED9D3A00F2396C /* Assets.xcassets */,
				F1D6B0F227ED9D3A00F2396C /* LaunchScreen.storyboard */,
				F1D6B0F527ED9D3A00F2396C /* Info.plist */,
			);
			path = LoginDemo;
			sourceTree = "<group>";
		};
		F1D6B10327EDAB7800F2396C /* Extension */ = {
			isa = PBXGroup;
			children = (
				F1D6B0FD27EDA61E00F2396C /* AlertController.swift */,
				F1D6B0FB27EDA53100F2396C /* String.swift */,
			);
			path = Extension;
			sourceTree = "<group>";
		};
		F1D6B10427EDABA900F2396C /* Login and Sign_up */ = {
			isa = PBXGroup;
			children = (
				F1D6B0EB27ED9D3700F2396C /* ViewController.swift */,
				F1D6B0FF27EDA93F00F2396C /* SinUpVC.swift */,
				F1D6B0ED27ED9D3700F2396C /* Main.storyboard */,
			);
			path = "Login and Sign_up";
			sourceTree = "<group>";
		};
		F1D6B10527EDABDB00F2396C /* Home Screen */ = {
			isa = PBXGroup;
			children = (
				F1D6B10127EDA97500F2396C /* HomeVC.swift */,
			);
			path = "Home Screen";
			sourceTree = "<group>";
		};
		F1D6B10627EDABF800F2396C /* Scene and Delegate */ = {
			isa = PBXGroup;
			children = (
				F1D6B0E927ED9D3700F2396C /* SceneDelegate.swift */,
				F1D6B0E727ED9D3700F2396C /* AppDelegate.swift */,
			);
			path = "Scene and Delegate";
			sourceTree = "<group>";
		};
		F1D6B10727EDAC2400F2396C /* APIs */ = {
			isa = PBXGroup;
			children = (
				F1D6B10A27EDAC8800F2396C /* APIManager.swift */,
			);
			path = APIs;
			sourceTree = "<group>";
		};
/* End PBXGroup section */

/* Begin PBXNativeTarget section */
		F1D6B0E327ED9D3700F2396C /* LoginDemo */ = {
			isa = PBXNativeTarget;
			buildConfigurationList = F1D6B0F827ED9D3A00F2396C /* Build configuration list for PBXNativeTarget "LoginDemo" */;
			buildPhases = (
				9FC3B645D116E553C907F89C /* [CP] Check Pods Manifest.lock */,
				F1D6B0E027ED9D3700F2396C /* Sources */,
				F1D6B0E127ED9D3700F2396C /* Frameworks */,
				F1D6B0E227ED9D3700F2396C /* Resources */,
				7B075DF231CCB35B9C7D74BA /* [CP] Embed Pods Frameworks */,
			);
			buildRules = (
			);
			dependencies = (
			);
			name = LoginDemo;
			productName = LoginDemo;
			productReference = F1D6B0E427ED9D3700F2396C /* LoginDemo.app */;
			productType = "com.apple.product-type.application";
		};
/* End PBXNativeTarget section */

/* Begin PBXProject section */
		F1D6B0DC27ED9D3700F2396C /* Project object */ = {
			isa = PBXProject;
			attributes = {
				BuildIndependentTargetsInParallel = 1;
				LastSwiftUpdateCheck = 1320;
				LastUpgradeCheck = 1320;
				TargetAttributes = {
					F1D6B0E327ED9D3700F2396C = {
						CreatedOnToolsVersion = 13.2.1;
					};
				};
			};
			buildConfigurationList = F1D6B0DF27ED9D3700F2396C /* Build configuration list for PBXProject "LoginDemo" */;
			compatibilityVersion = "Xcode 13.0";
			developmentRegion = en;
			hasScannedForEncodings = 0;
			knownRegions = (
				en,
				Base,
			);
			mainGroup = F1D6B0DB27ED9D3700F2396C;
			productRefGroup = F1D6B0E527ED9D3700F2396C /* Products */;
			projectDirPath = "";
			projectRoot = "";
			targets = (
				F1D6B0E327ED9D3700F2396C /* LoginDemo */,
			);
		};
/* End PBXProject section */

/* Begin PBXResourcesBuildPhase section */
		F1D6B0E227ED9D3700F2396C /* Resources */ = {
			isa = PBXResourcesBuildPhase;
			buildActionMask = 2147483647;
			files = (
				F1D6B0F427ED9D3A00F2396C /* LaunchScreen.storyboard in Resources */,
				F1D6B0F127ED9D3A00F2396C /* Assets.xcassets in Resources */,
				F1D6B0EF27ED9D3700F2396C /* Main.storyboard in Resources */,
			);
			runOnlyForDeploymentPostprocessing = 0;
		};
/* End PBXResourcesBuildPhase section */

/* Begin PBXShellScriptBuildPhase section */
		7B075DF231CCB35B9C7D74BA /* [CP] Embed Pods Frameworks */ = {
			isa = PBXShellScriptBuildPhase;
			buildActionMask = 2147483647;
			files = (
			);
			inputFileListPaths = (
				"${PODS_ROOT}/Target Support Files/Pods-LoginDemo/Pods-LoginDemo-frameworks-${CONFIGURATION}-input-files.xcfilelist",
			);
			name = "[CP] Embed Pods Frameworks";
			outputFileListPaths = (
				"${PODS_ROOT}/Target Support Files/Pods-LoginDemo/Pods-LoginDemo-frameworks-${CONFIGURATION}-output-files.xcfilelist",
			);
			runOnlyForDeploymentPostprocessing = 0;
			shellPath = /bin/sh;
			shellScript = "\"${PODS_ROOT}/Target Support Files/Pods-LoginDemo/Pods-LoginDemo-frameworks.sh\"\n";
			showEnvVarsInLog = 0;
		};
		9FC3B645D116E553C907F89C /* [CP] Check Pods Manifest.lock */ = {
			isa = PBXShellScriptBuildPhase;
			buildActionMask = 2147483647;
			files = (
			);
			inputFileListPaths = (
			);
			inputPaths = (
				"${PODS_PODFILE_DIR_PATH}/Podfile.lock",
				"${PODS_ROOT}/Manifest.lock",
			);
			name = "[CP] Check Pods Manifest.lock";
			outputFileListPaths = (
			);
			outputPaths = (
				"$(DERIVED_FILE_DIR)/Pods-LoginDemo-checkManifestLockResult.txt",
			);
			runOnlyForDeploymentPostprocessing = 0;
			shellPath = /bin/sh;
			shellScript = "diff \"${PODS_PODFILE_DIR_PATH}/Podfile.lock\" \"${PODS_ROOT}/Manifest.lock\" > /dev/null\nif [ $? != 0 ] ; then\n    # print error to STDERR\n    echo \"error: The sandbox is not in sync with the Podfile.lock. Run 'pod install' or update your CocoaPods installation.\" >&2\n    exit 1\nfi\n# This output is used by Xcode 'outputs' to avoid re-running this script phase.\necho \"SUCCESS\" > \"${SCRIPT_OUTPUT_FILE_0}\"\n";
			showEnvVarsInLog = 0;
		};
/* End PBXShellScriptBuildPhase section */

/* Begin PBXSourcesBuildPhase section */
		F1D6B0E027ED9D3700F2396C /* Sources */ = {
			isa = PBXSourcesBuildPhase;
			buildActionMask = 2147483647;
			files = (
				F1D6B10B27EDAC8800F2396C /* APIManager.swift in Sources */,
				F1D6B10027EDA93F00F2396C /* SinUpVC.swift in Sources */,
				F1D6B10227EDA97500F2396C /* HomeVC.swift in Sources */,
				F1D6B0EC27ED9D3700F2396C /* ViewController.swift in Sources */,
				F1D6B0FE27EDA61F00F2396C /* AlertController.swift in Sources */,
				F1D6B0E827ED9D3700F2396C /* AppDelegate.swift in Sources */,
				F1D6B0FC27EDA53100F2396C /* String.swift in Sources */,
				F1D6B0EA27ED9D3700F2396C /* SceneDelegate.swift in Sources */,
			);
			runOnlyForDeploymentPostprocessing = 0;
		};
/* End PBXSourcesBuildPhase section */

/* Begin PBXVariantGroup section */
		F1D6B0ED27ED9D3700F2396C /* Main.storyboard */ = {
			isa = PBXVariantGroup;
			children = (
				F1D6B0EE27ED9D3700F2396C /* Base */,
			);
			name = Main.storyboard;
			sourceTree = "<group>";
		};
		F1D6B0F227ED9D3A00F2396C /* LaunchScreen.storyboard */ = {
			isa = PBXVariantGroup;
			children = (
				F1D6B0F327ED9D3A00F2396C /* Base */,
			);
			name = LaunchScreen.storyboard;
			sourceTree = "<group>";
		};
/* End PBXVariantGroup section */

/* Begin XCBuildConfiguration section */
		F1D6B0F627ED9D3A00F2396C /* Debug */ = {
			isa = XCBuildConfiguration;
			buildSettings = {
				ALWAYS_SEARCH_USER_PATHS = NO;
				CLANG_ANALYZER_NONNULL = YES;
				CLANG_ANALYZER_NUMBER_OBJECT_CONVERSION = YES_AGGRESSIVE;
				CLANG_CXX_LANGUAGE_STANDARD = "gnu++17";
				CLANG_CXX_LIBRARY = "libc++";
				CLANG_ENABLE_MODULES = YES;
				CLANG_ENABLE_OBJC_ARC = YES;
				CLANG_ENABLE_OBJC_WEAK = YES;
				CLANG_WARN_BLOCK_CAPTURE_AUTORELEASING = YES;
				CLANG_WARN_BOOL_CONVERSION = YES;
				CLANG_WARN_COMMA = YES;
				CLANG_WARN_CONSTANT_CONVERSION = YES;
				CLANG_WARN_DEPRECATED_OBJC_IMPLEMENTATIONS = YES;
				CLANG_WARN_DIRECT_OBJC_ISA_USAGE = YES_ERROR;
				CLANG_WARN_DOCUMENTATION_COMMENTS = YES;
				CLANG_WARN_EMPTY_BODY = YES;
				CLANG_WARN_ENUM_CONVERSION = YES;
				CLANG_WARN_INFINITE_RECURSION = YES;
				CLANG_WARN_INT_CONVERSION = YES;
				CLANG_WARN_NON_LITERAL_NULL_CONVERSION = YES;
				CLANG_WARN_OBJC_IMPLICIT_RETAIN_SELF = YES;
				CLANG_WARN_OBJC_LITERAL_CONVERSION = YES;
				CLANG_WARN_OBJC_ROOT_CLASS = YES_ERROR;
				CLANG_WARN_QUOTED_INCLUDE_IN_FRAMEWORK_HEADER = YES;
				CLANG_WARN_RANGE_LOOP_ANALYSIS = YES;
				CLANG_WARN_STRICT_PROTOTYPES = YES;
				CLANG_WARN_SUSPICIOUS_MOVE = YES;
				CLANG_WARN_UNGUARDED_AVAILABILITY = YES_AGGRESSIVE;
				CLANG_WARN_UNREACHABLE_CODE = YES;
				CLANG_WARN__DUPLICATE_METHOD_MATCH = YES;
				COPY_PHASE_STRIP = NO;
				DEBUG_INFORMATION_FORMAT = dwarf;
				ENABLE_STRICT_OBJC_MSGSEND = YES;
				ENABLE_TESTABILITY = YES;
				GCC_C_LANGUAGE_STANDARD = gnu11;
				GCC_DYNAMIC_NO_PIC = NO;
				GCC_NO_COMMON_BLOCKS = YES;
				GCC_OPTIMIZATION_LEVEL = 0;
				GCC_PREPROCESSOR_DEFINITIONS = (
					"DEBUG=1",
					"$(inherited)",
				);
				GCC_WARN_64_TO_32_BIT_CONVERSION = YES;
				GCC_WARN_ABOUT_RETURN_TYPE = YES_ERROR;
				GCC_WARN_UNDECLARED_SELECTOR = YES;
				GCC_WARN_UNINITIALIZED_AUTOS = YES_AGGRESSIVE;
				GCC_WARN_UNUSED_FUNCTION = YES;
				GCC_WARN_UNUSED_VARIABLE = YES;
				IPHONEOS_DEPLOYMENT_TARGET = 15.2;
				MTL_ENABLE_DEBUG_INFO = INCLUDE_SOURCE;
				MTL_FAST_MATH = YES;
				ONLY_ACTIVE_ARCH = YES;
				SDKROOT = iphoneos;
				SWIFT_ACTIVE_COMPILATION_CONDITIONS = DEBUG;
				SWIFT_OPTIMIZATION_LEVEL = "-Onone";
			};
			name = Debug;
		};
		F1D6B0F727ED9D3A00F2396C /* Release */ = {
			isa = XCBuildConfiguration;
			buildSettings = {
				ALWAYS_SEARCH_USER_PATHS = NO;
				CLANG_ANALYZER_NONNULL = YES;
				CLANG_ANALYZER_NUMBER_OBJECT_CONVERSION = YES_AGGRESSIVE;
				CLANG_CXX_LANGUAGE_STANDARD = "gnu++17";
				CLANG_CXX_LIBRARY = "libc++";
				CLANG_ENABLE_MODULES = YES;
				CLANG_ENABLE_OBJC_ARC = YES;
				CLANG_ENABLE_OBJC_WEAK = YES;
				CLANG_WARN_BLOCK_CAPTURE_AUTORELEASING = YES;
				CLANG_WARN_BOOL_CONVERSION = YES;
				CLANG_WARN_COMMA = YES;
				CLANG_WARN_CONSTANT_CONVERSION = YES;
				CLANG_WARN_DEPRECATED_OBJC_IMPLEMENTATIONS = YES;
				CLANG_WARN_DIRECT_OBJC_ISA_USAGE = YES_ERROR;
				CLANG_WARN_DOCUMENTATION_COMMENTS = YES;
				CLANG_WARN_EMPTY_BODY = YES;
				CLANG_WARN_ENUM_CONVERSION = YES;
				CLANG_WARN_INFINITE_RECURSION = YES;
				CLANG_WARN_INT_CONVERSION = YES;
				CLANG_WARN_NON_LITERAL_NULL_CONVERSION = YES;
				CLANG_WARN_OBJC_IMPLICIT_RETAIN_SELF = YES;
				CLANG_WARN_OBJC_LITERAL_CONVERSION = YES;
				CLANG_WARN_OBJC_ROOT_CLASS = YES_ERROR;
				CLANG_WARN_QUOTED_INCLUDE_IN_FRAMEWORK_HEADER = YES;
				CLANG_WARN_RANGE_LOOP_ANALYSIS = YES;
				CLANG_WARN_STRICT_PROTOTYPES = YES;
				CLANG_WARN_SUSPICIOUS_MOVE = YES;
				CLANG_WARN_UNGUARDED_AVAILABILITY = YES_AGGRESSIVE;
				CLANG_WARN_UNREACHABLE_CODE = YES;
				CLANG_WARN__DUPLICATE_METHOD_MATCH = YES;
				COPY_PHASE_STRIP = NO;
				DEBUG_INFORMATION_FORMAT = "dwarf-with-dsym";
				ENABLE_NS_ASSERTIONS = NO;
				ENABLE_STRICT_OBJC_MSGSEND = YES;
				GCC_C_LANGUAGE_STANDARD = gnu11;
				GCC_NO_COMMON_BLOCKS = YES;
				GCC_WARN_64_TO_32_BIT_CONVERSION = YES;
				GCC_WARN_ABOUT_RETURN_TYPE = YES_ERROR;
				GCC_WARN_UNDECLARED_SELECTOR = YES;
				GCC_WARN_UNINITIALIZED_AUTOS = YES_AGGRESSIVE;
				GCC_WARN_UNUSED_FUNCTION = YES;
				GCC_WARN_UNUSED_VARIABLE = YES;
				IPHONEOS_DEPLOYMENT_TARGET = 15.2;
				MTL_ENABLE_DEBUG_INFO = NO;
				MTL_FAST_MATH = YES;
				SDKROOT = iphoneos;
				SWIFT_COMPILATION_MODE = wholemodule;
				SWIFT_OPTIMIZATION_LEVEL = "-O";
				VALIDATE_PRODUCT = YES;
			};
			name = Release;
		};
		F1D6B0F927ED9D3A00F2396C /* Debug */ = {
			isa = XCBuildConfiguration;
			baseConfigurationReference = 8948E853C9EA2AB229962792 /* Pods-LoginDemo.debug.xcconfig */;
			buildSettings = {
				ASSETCATALOG_COMPILER_APPICON_NAME = AppIcon;
				ASSETCATALOG_COMPILER_GLOBAL_ACCENT_COLOR_NAME = AccentColor;
				CODE_SIGN_STYLE = Automatic;
				CURRENT_PROJECT_VERSION = 1;
				GENERATE_INFOPLIST_FILE = YES;
				INFOPLIST_FILE = LoginDemo/Info.plist;
				INFOPLIST_KEY_UIApplicationSupportsIndirectInputEvents = YES;
				INFOPLIST_KEY_UILaunchStoryboardName = LaunchScreen;
				INFOPLIST_KEY_UIMainStoryboardFile = Main;
				INFOPLIST_KEY_UISupportedInterfaceOrientations_iPad = "UIInterfaceOrientationPortrait UIInterfaceOrientationPortraitUpsideDown UIInterfaceOrientationLandscapeLeft UIInterfaceOrientationLandscapeRight";
				INFOPLIST_KEY_UISupportedInterfaceOrientations_iPhone = "UIInterfaceOrientationPortrait UIInterfaceOrientationLandscapeLeft UIInterfaceOrientationLandscapeRight";
				LD_RUNPATH_SEARCH_PATHS = (
					"$(inherited)",
					"@executable_path/Frameworks",
				);
				MARKETING_VERSION = 1.0;
				PRODUCT_BUNDLE_IDENTIFIER = com.LoginDemo;
				PRODUCT_NAME = "$(TARGET_NAME)";
				SWIFT_EMIT_LOC_STRINGS = YES;
				SWIFT_VERSION = 5.0;
				TARGETED_DEVICE_FAMILY = "1,2";
			};
			name = Debug;
		};
		F1D6B0FA27ED9D3A00F2396C /* Release */ = {
			isa = XCBuildConfiguration;
			baseConfigurationReference = 317263F5FF7A9DB3DCB6CB9C /* Pods-LoginDemo.release.xcconfig */;
			buildSettings = {
				ASSETCATALOG_COMPILER_APPICON_NAME = AppIcon;
				ASSETCATALOG_COMPILER_GLOBAL_ACCENT_COLOR_NAME = AccentColor;
				CODE_SIGN_STYLE = Automatic;
				CURRENT_PROJECT_VERSION = 1;
				GENERATE_INFOPLIST_FILE = YES;
				INFOPLIST_FILE = LoginDemo/Info.plist;
				INFOPLIST_KEY_UIApplicationSupportsIndirectInputEvents = YES;
				INFOPLIST_KEY_UILaunchStoryboardName = LaunchScreen;
				INFOPLIST_KEY_UIMainStoryboardFile = Main;
				INFOPLIST_KEY_UISupportedInterfaceOrientations_iPad = "UIInterfaceOrientationPortrait UIInterfaceOrientationPortraitUpsideDown UIInterfaceOrientationLandscapeLeft UIInterfaceOrientationLandscapeRight";
				INFOPLIST_KEY_UISupportedInterfaceOrientations_iPhone = "UIInterfaceOrientationPortrait UIInterfaceOrientationLandscapeLeft UIInterfaceOrientationLandscapeRight";
				LD_RUNPATH_SEARCH_PATHS = (
					"$(inherited)",
					"@executable_path/Frameworks",
				);
				MARKETING_VERSION = 1.0;
				PRODUCT_BUNDLE_IDENTIFIER = com.LoginDemo;
				PRODUCT_NAME = "$(TARGET_NAME)";
				SWIFT_EMIT_LOC_STRINGS = YES;
				SWIFT_VERSION = 5.0;
				TARGETED_DEVICE_FAMILY = "1,2";
			};
			name = Release;
		};
/* End XCBuildConfiguration section */

/* Begin XCConfigurationList section */
		F1D6B0DF27ED9D3700F2396C /* Build configuration list for PBXProject "LoginDemo" */ = {
			isa = XCConfigurationList;
			buildConfigurations = (
				F1D6B0F627ED9D3A00F2396C /* Debug */,
				F1D6B0F727ED9D3A00F2396C /* Release */,
			);
			defaultConfigurationIsVisible = 0;
			defaultConfigurationName = Release;
		};
		F1D6B0F827ED9D3A00F2396C /* Build configuration list for PBXNativeTarget "LoginDemo" */ = {
			isa = XCConfigurationList;
			buildConfigurations = (
				F1D6B0F927ED9D3A00F2396C /* Debug */,
				F1D6B0FA27ED9D3A00F2396C /* Release */,
			);
			defaultConfigurationIsVisible = 0;
			defaultConfigurationName = Release;
		};
/* End XCConfigurationList section */
	};
	rootObject = F1D6B0DC27ED9D3700F2396C /* Project object */;
}
